{
  "nodes": {
    "nixpkgs": {
      "locked": {
        "lastModified": 1690893464,
        "narHash": "sha256-YiFBn3K4l1AzVt8NeSg9ZJNvHxX2k+AkS74s/s4ASRA=",
        "owner": "NixOS",
        "repo": "nixpkgs",
        "rev": "e0e6b6909977de63dab514efbf5470bc31e7055e",
        "type": "github"
      },
      "original": {
        "id": "nixpkgs",
        "type": "indirect"
      }
    },
    "root": {
      "inputs": {
        "nixpkgs": "nixpkgs"
      }
    }
  },
  "root": "root",
  "version": 7
}
